<?xml version="1.0" encoding="utf-8"?>
<Project ToolsVersion="4.0" xmlns="http://schemas.microsoft.com/developer/msbuild/2003">
  <ItemGroup>
    <Filter Include="源文件">
      <UniqueIdentifier>{4FC737F1-C7A5-4376-A066-2A32D752A2FF}</UniqueIdentifier>
      <Extensions>cpp;c;cc;cxx;def;odl;idl;hpj;bat;asm;asmx</Extensions>
    </Filter>
    <Filter Include="头文件">
      <UniqueIdentifier>{93995380-89BD-4b04-88EB-625FBE52EBFB}</UniqueIdentifier>
      <Extensions>h;hh;hpp;hxx;hm;inl;inc;xsd</Extensions>
    </Filter>
    <Filter Include="资源文件">
      <UniqueIdentifier>{67DA6AB6-F800-4c08-8B7A-83BB121AAD01}</UniqueIdentifier>
      <Extensions>rc;ico;cur;bmp;dlg;rc2;rct;bin;rgs;gif;jpg;jpeg;jpe;resx;tiff;tif;png;wav;mfcribbon-ms</Extensions>
    </Filter>
    <Filter Include="DirectX12HelpTools">
      <UniqueIdentifier>{f8cef9a1-88dd-4da3-8778-3f5118d23d14}</UniqueIdentifier>
    </Filter>
    <Filter Include="Common">
      <UniqueIdentifier>{03888f2f-abb8-47d6-a886-4587f79242b5}</UniqueIdentifier>
    </Filter>
    <Filter Include="Systems">
      <UniqueIdentifier>{2309b9b5-0987-45c1-9baf-0db7a9e671ce}</UniqueIdentifier>
    </Filter>
    <Filter Include="Systems\Render">
      <UniqueIdentifier>{a495fc93-242e-4abc-9949-1303c291d620}</UniqueIdentifier>
    </Filter>
  </ItemGroup>
  <ItemGroup>
    <Text Include="ReadMe.md" />
  </ItemGroup>
  <ItemGroup>
    <ClInclude Include="GameWindow.h">
      <Filter>头文件</Filter>
    </ClInclude>
    <ClInclude Include="DescriptorHeapHelper.h">
      <Filter>DirectX12HelpTools</Filter>
    </ClInclude>
    <ClInclude Include="..\..\Library\DirectX12\Common\Camera.h">
      <Filter>Common</Filter>
    </ClInclude>
    <ClInclude Include="..\..\Library\DirectX12\Common\d3dApp.h">
      <Filter>Common</Filter>
    </ClInclude>
    <ClInclude Include="..\..\Library\DirectX12\Common\d3dUtil.h">
      <Filter>Common</Filter>
    </ClInclude>
    <ClInclude Include="..\..\Library\DirectX12\Common\d3dx12.h">
      <Filter>Common</Filter>
    </ClInclude>
    <ClInclude Include="..\..\Library\DirectX12\Common\DDSTextureLoader.h">
      <Filter>Common</Filter>
    </ClInclude>
    <ClInclude Include="..\..\Library\DirectX12\Common\GameTimer.h">
      <Filter>Common</Filter>
    </ClInclude>
    <ClInclude Include="..\..\Library\DirectX12\Common\GeometryGenerator.h">
      <Filter>Common</Filter>
    </ClInclude>
    <ClInclude Include="..\..\Library\DirectX12\Common\MathHelper.h">
      <Filter>Common</Filter>
    </ClInclude>
    <ClInclude Include="..\..\Library\DirectX12\Common\UploadBuffer.h">
      <Filter>Common</Filter>
    </ClInclude>
    <ClInclude Include="D3D12Helper.h">
      <Filter>DirectX12HelpTools</Filter>
    </ClInclude>
    <ClInclude Include="RenderSystem.h">
      <Filter>Systems\Render</Filter>
    </ClInclude>
    <ClInclude Include="FrameResource.h">
      <Filter>头文件</Filter>
    </ClInclude>
    <ClInclude Include="EyeLogger.h">
      <Filter>头文件</Filter>
    </ClInclude>
  </ItemGroup>
  <ItemGroup>
    <ClCompile Include="GameWindow.cpp">
      <Filter>源文件</Filter>
    </ClCompile>
    <ClCompile Include="DescriptorHeapHelper.cpp">
      <Filter>源文件</Filter>
    </ClCompile>
    <ClCompile Include="..\..\Library\DirectX12\Common\Camera.cpp">
      <Filter>Common</Filter>
    </ClCompile>
    <ClCompile Include="..\..\Library\DirectX12\Common\d3dApp.cpp">
      <Filter>Common</Filter>
    </ClCompile>
    <ClCompile Include="..\..\Library\DirectX12\Common\d3dUtil.cpp">
      <Filter>Common</Filter>
    </ClCompile>
    <ClCompile Include="..\..\Library\DirectX12\Common\DDSTextureLoader.cpp">
      <Filter>Common</Filter>
    </ClCompile>
    <ClCompile Include="..\..\Library\DirectX12\Common\GameTimer.cpp">
      <Filter>Common</Filter>
    </ClCompile>
    <ClCompile Include="..\..\Library\DirectX12\Common\GeometryGenerator.cpp">
      <Filter>Common</Filter>
    </ClCompile>
    <ClCompile Include="..\..\Library\DirectX12\Common\MathHelper.cpp">
      <Filter>Common</Filter>
    </ClCompile>
    <ClCompile Include="FrameResource.cpp">
      <Filter>源文件</Filter>
    </ClCompile>
    <ClCompile Include="EyeLogger.cpp">
      <Filter>头文件</Filter>
    </ClCompile>
    <ClCompile Include="D3D12Helper.cpp">
      <Filter>DirectX12HelpTools</Filter>
    </ClCompile>
    <ClCompile Include="RenderSystem.cpp">
      <Filter>Systems\Render</Filter>
    </ClCompile>
  </ItemGroup>
</Project>